
Microsoft Visual Studio Solution File, Format Version 12.00
# Visual Studio 2013
VisualStudioVersion = 12.0.21005.1
MinimumVisualStudioVersion = 10.0.40219.1
Project("{FAE04EC0-301F-11D3-BF4B-00C04F79EFBC}") = "GITS.Hrms.Library", "GITS.Hrms.Library\GITS.Hrms.Library.csproj", "{3420B3AB-C0FF-4A12-A109-B2F44DA72B44}"
EndProject
Project("{FAE04EC0-301F-11D3-BF4B-00C04F79EFBC}") = "GITS.Hrms.WebSite", "GITS.Hrms.WebSite\GITS.Hrms.WebSite.csproj", "{79985DD5-007C-4C11-831B-423A20266E8F}"
	ProjectSection(ProjectDependencies) = postProject
		{3420B3AB-C0FF-4A12-A109-B2F44DA72B44} = {3420B3AB-C0FF-4A12-A109-B2F44DA72B44}
	EndProjectSection
EndProject
Global
	GlobalSection(SolutionConfigurationPlatforms) = preSolution
		Debug|Any CPU = Debug|Any CPU
		Release|Any CPU = Release|Any CPU
	EndGlobalSection
	GlobalSection(ProjectConfigurationPlatforms) = postSolution
		{3420B3AB-C0FF-4A12-A109-B2F44DA72B44}.Debug|Any CPU.ActiveCfg = Release|Any CPU
		{3420B3AB-C0FF-4A12-A109-B2F44DA72B44}.Debug|Any CPU.Build.0 = Release|Any CPU
		{3420B3AB-C0FF-4A12-A109-B2F44DA72B44}.Release|Any CPU.ActiveCfg = Release|Any CPU
		{3420B3AB-C0FF-4A12-A109-B2F44DA72B44}.Release|Any CPU.Build.0 = Release|Any CPU
		{79985DD5-007C-4C11-831B-423A20266E8F}.Debug|Any CPU.ActiveCfg = Debug|Any CPU
		{79985DD5-007C-4C11-831B-423A20266E8F}.Debug|Any CPU.Build.0 = Debug|Any CPU
		{79985DD5-007C-4C11-831B-423A20266E8F}.Release|Any CPU.ActiveCfg = Release|Any CPU
		{79985DD5-007C-4C11-831B-423A20266E8F}.Release|Any CPU.Build.0 = Release|Any CPU
	EndGlobalSection
	GlobalSection(SolutionProperties) = preSolution
		HideSolutionNode = FALSE
	EndGlobalSection
	GlobalSection(SubversionScc) = preSolution
		Svn-Managed = True
		Manager = AnkhSVN - Subversion Support for Visual Studio
	EndGlobalSection
EndGlobal
